// !$*UTF8*$!
{
	archiveVersion = 1;
	classes = {
	};
	objectVersion = 55;
	objects = {

/* Begin PBXBuildFile section */
		D47FDFE0289E086B00C48F01 /* BuildBotTestApp.swift in Sources */ = {isa = PBXBuildFile; fileRef = D47FDFDF289E086B00C48F01 /* BuildBotTestApp.swift */; };
		D47FDFE2289E086B00C48F01 /* ContentView.swift in Sources */ = {isa = PBXBuildFile; fileRef = D47FDFE1289E086B00C48F01 /* ContentView.swift */; };
		D47FDFE4289E086E00C48F01 /* Assets.xcassets in Resources */ = {isa = PBXBuildFile; fileRef = D47FDFE3289E086E00C48F01 /* Assets.xcassets */; };
		D47FDFE7289E086E00C48F01 /* Preview Assets.xcassets in Resources */ = {isa = PBXBuildFile; fileRef = D47FDFE6289E086E00C48F01 /* Preview Assets.xcassets */; };
		D47FDFF1289E086E00C48F01 /* BuildBotTestTests.swift in Sources */ = {isa = PBXBuildFile; fileRef = D47FDFF0289E086E00C48F01 /* BuildBotTestTests.swift */; };
		D47FDFFB289E086E00C48F01 /* BuildBotTestUITests.swift in Sources */ = {isa = PBXBuildFile; fileRef = D47FDFFA289E086E00C48F01 /* BuildBotTestUITests.swift */; };
		D47FDFFD289E086E00C48F01 /* BuildBotTestUITestsLaunchTests.swift in Sources */ = {isa = PBXBuildFile; fileRef = D47FDFFC289E086E00C48F01 /* BuildBotTestUITestsLaunchTests.swift */; };
/* End PBXBuildFile section */

/* Begin PBXContainerItemProxy section */
		D47FDFED289E086E00C48F01 /* PBXContainerItemProxy */ = {
			isa = PBXContainerItemProxy;
			containerPortal = D47FDFD4289E086B00C48F01 /* Project object */;
			proxyType = 1;
			remoteGlobalIDString = D47FDFDB289E086B00C48F01;
			remoteInfo = BuildBotTest;
		};
		D47FDFF7289E086E00C48F01 /* PBXContainerItemProxy */ = {
			isa = PBXContainerItemProxy;
			containerPortal = D47FDFD4289E086B00C48F01 /* Project object */;
			proxyType = 1;
			remoteGlobalIDString = D47FDFDB289E086B00C48F01;
			remoteInfo = BuildBotTest;
		};
/* End PBXContainerItemProxy section */

/* Begin PBXFileReference section */
		D47FDFDC289E086B00C48F01 /* BuildBotTest.app */ = {isa = PBXFileReference; explicitFileType = wrapper.application; includeInIndex = 0; path = BuildBotTest.app; sourceTree = BUILT_PRODUCTS_DIR; };
		D47FDFDF289E086B00C48F01 /* BuildBotTestApp.swift */ = {isa = PBXFileReference; lastKnownFileType = sourcecode.swift; path = BuildBotTestApp.swift; sourceTree = "<group>"; };
		D47FDFE1289E086B00C48F01 /* ContentView.swift */ = {isa = PBXFileReference; lastKnownFileType = sourcecode.swift; path = ContentView.swift; sourceTree = "<group>"; };
		D47FDFE3289E086E00C48F01 /* Assets.xcassets */ = {isa = PBXFileReference; lastKnownFileType = folder.assetcatalog; path = Assets.xcassets; sourceTree = "<group>"; };
		D47FDFE6289E086E00C48F01 /* Preview Assets.xcassets */ = {isa = PBXFileReference; lastKnownFileType = folder.assetcatalog; path = "Preview Assets.xcassets"; sourceTree = "<group>"; };
		D47FDFEC289E086E00C48F01 /* BuildBotTestTests.xctest */ = {isa = PBXFileReference; explicitFileType = wrapper.cfbundle; includeInIndex = 0; path = BuildBotTestTests.xctest; sourceTree = BUILT_PRODUCTS_DIR; };
		D47FDFF0289E086E00C48F01 /* BuildBotTestTests.swift */ = {isa = PBXFileReference; lastKnownFileType = sourcecode.swift; path = BuildBotTestTests.swift; sourceTree = "<group>"; };
		D47FDFF6289E086E00C48F01 /* BuildBotTestUITests.xctest */ = {isa = PBXFileReference; explicitFileType = wrapper.cfbundle; includeInIndex = 0; path = BuildBotTestUITests.xctest; sourceTree = BUILT_PRODUCTS_DIR; };
		D47FDFFA289E086E00C48F01 /* BuildBotTestUITests.swift */ = {isa = PBXFileReference; lastKnownFileType = sourcecode.swift; path = BuildBotTestUITests.swift; sourceTree = "<group>"; };
		D47FDFFC289E086E00C48F01 /* BuildBotTestUITestsLaunchTests.swift */ = {isa = PBXFileReference; lastKnownFileType = sourcecode.swift; path = BuildBotTestUITestsLaunchTests.swift; sourceTree = "<group>"; };
/* End PBXFileReference section */

/* Begin PBXFrameworksBuildPhase section */
		D47FDFD9289E086B00C48F01 /* Frameworks */ = {
			isa = PBXFrameworksBuildPhase;
			buildActionMask = 2147483647;
			files = (
			);
			runOnlyForDeploymentPostprocessing = 0;
		};
		D47FDFE9289E086E00C48F01 /* Frameworks */ = {
			isa = PBXFrameworksBuildPhase;
			buildActionMask = 2147483647;
			files = (
			);
			runOnlyForDeploymentPostprocessing = 0;
		};
		D47FDFF3289E086E00C48F01 /* Frameworks */ = {
			isa = PBXFrameworksBuildPhase;
			buildActionMask = 2147483647;
			files = (
			);
			runOnlyForDeploymentPostprocessing = 0;
		};
/* End PBXFrameworksBuildPhase section */

/* Begin PBXGroup section */
		D47FDFD3289E086B00C48F01 = {
			isa = PBXGroup;
			children = (
				D47FDFDE289E086B00C48F01 /* BuildBotTest */,
				D47FDFEF289E086E00C48F01 /* BuildBotTestTests */,
				D47FDFF9289E086E00C48F01 /* BuildBotTestUITests */,
				D47FDFDD289E086B00C48F01 /* Products */,
			);
			sourceTree = "<group>";
		};
		D47FDFDD289E086B00C48F01 /* Products */ = {
			isa = PBXGroup;
			children = (
				D47FDFDC289E086B00C48F01 /* BuildBotTest.app */,
				D47FDFEC289E086E00C48F01 /* BuildBotTestTests.xctest */,
				D47FDFF6289E086E00C48F01 /* BuildBotTestUITests.xctest */,
			);
			name = Products;
			sourceTree = "<group>";
		};
		D47FDFDE289E086B00C48F01 /* BuildBotTest */ = {
			isa = PBXGroup;
			children = (
				D47FDFDF289E086B00C48F01 /* BuildBotTestApp.swift */,
				D47FDFE1289E086B00C48F01 /* ContentView.swift */,
				D47FDFE3289E086E00C48F01 /* Assets.xcassets */,
				D47FDFE5289E086E00C48F01 /* Preview Content */,
			);
			path = BuildBotTest;
			sourceTree = "<group>";
		};
		D47FDFE5289E086E00C48F01 /* Preview Content */ = {
			isa = PBXGroup;
			children = (
				D47FDFE6289E086E00C48F01 /* Preview Assets.xcassets */,
			);
			path = "Preview Content";
			sourceTree = "<group>";
		};
		D47FDFEF289E086E00C48F01 /* BuildBotTestTests */ = {
			isa = PBXGroup;
			children = (
				D47FDFF0289E086E00C48F01 /* BuildBotTestTests.swift */,
			);
			path = BuildBotTestTests;
			sourceTree = "<group>";
		};
		D47FDFF9289E086E00C48F01 /* BuildBotTestUITests */ = {
			isa = PBXGroup;
			children = (
				D47FDFFA289E086E00C48F01 /* BuildBotTestUITests.swift */,
				D47FDFFC289E086E00C48F01 /* BuildBotTestUITestsLaunchTests.swift */,
			);
			path = BuildBotTestUITests;
			sourceTree = "<group>";
		};
/* End PBXGroup section */

/* Begin PBXNativeTarget section */
		D47FDFDB289E086B00C48F01 /* BuildBotTest */ = {
			isa = PBXNativeTarget;
			buildConfigurationList = D47FE000289E086E00C48F01 /* Build configuration list for PBXNativeTarget "BuildBotTest" */;
			buildPhases = (
				D47FDFD8289E086B00C48F01 /* Sources */,
				D47FDFD9289E086B00C48F01 /* Frameworks */,
				D47FDFDA289E086B00C48F01 /* Resources */,
			);
			buildRules = (
			);
			dependencies = (
			);
			name = BuildBotTest;
			productName = BuildBotTest;
			productReference = D47FDFDC289E086B00C48F01 /* BuildBotTest.app */;
			productType = "com.apple.product-type.application";
		};
		D47FDFEB289E086E00C48F01 /* BuildBotTestTests */ = {
			isa = PBXNativeTarget;
			buildConfigurationList = D47FE003289E086E00C48F01 /* Build configuration list for PBXNativeTarget "BuildBotTestTests" */;
			buildPhases = (
				D47FDFE8289E086E00C48F01 /* Sources */,
				D47FDFE9289E086E00C48F01 /* Frameworks */,
				D47FDFEA289E086E00C48F01 /* Resources */,
			);
			buildRules = (
			);
			dependencies = (
				D47FDFEE289E086E00C48F01 /* PBXTargetDependency */,
			);
			name = BuildBotTestTests;
			productName = BuildBotTestTests;
			productReference = D47FDFEC289E086E00C48F01 /* BuildBotTestTests.xctest */;
			productType = "com.apple.product-type.bundle.unit-test";
		};
		D47FDFF5289E086E00C48F01 /* BuildBotTestUITests */ = {
			isa = PBXNativeTarget;
			buildConfigurationList = D47FE006289E086E00C48F01 /* Build configuration list for PBXNativeTarget "BuildBotTestUITests" */;
			buildPhases = (
				D47FDFF2289E086E00C48F01 /* Sources */,
				D47FDFF3289E086E00C48F01 /* Frameworks */,
				D47FDFF4289E086E00C48F01 /* Resources */,
			);
			buildRules = (
			);
			dependencies = (
				D47FDFF8289E086E00C48F01 /* PBXTargetDependency */,
			);
			name = BuildBotTestUITests;
			productName = BuildBotTestUITests;
			productReference = D47FDFF6289E086E00C48F01 /* BuildBotTestUITests.xctest */;
			productType = "com.apple.product-type.bundle.ui-testing";
		};
/* End PBXNativeTarget section */

/* Begin PBXProject section */
		D47FDFD4289E086B00C48F01 /* Project object */ = {
			isa = PBXProject;
			attributes = {
				BuildIndependentTargetsInParallel = 1;
				LastSwiftUpdateCheck = 1340;
				LastUpgradeCheck = 1340;
				TargetAttributes = {
					D47FDFDB289E086B00C48F01 = {
						CreatedOnToolsVersion = 13.4.1;
					};
					D47FDFEB289E086E00C48F01 = {
						CreatedOnToolsVersion = 13.4.1;
						TestTargetID = D47FDFDB289E086B00C48F01;
					};
					D47FDFF5289E086E00C48F01 = {
						CreatedOnToolsVersion = 13.4.1;
						TestTargetID = D47FDFDB289E086B00C48F01;
					};
				};
			};
			buildConfigurationList = D47FDFD7289E086B00C48F01 /* Build configuration list for PBXProject "BuildBotTest" */;
			compatibilityVersion = "Xcode 13.0";
			developmentRegion = en;
			hasScannedForEncodings = 0;
			knownRegions = (
				en,
				Base,
			);
			mainGroup = D47FDFD3289E086B00C48F01;
			productRefGroup = D47FDFDD289E086B00C48F01 /* Products */;
			projectDirPath = "";
			projectRoot = "";
			targets = (
				D47FDFDB289E086B00C48F01 /* BuildBotTest */,
				D47FDFEB289E086E00C48F01 /* BuildBotTestTests */,
				D47FDFF5289E086E00C48F01 /* BuildBotTestUITests */,
			);
		};
/* End PBXProject section */

/* Begin PBXResourcesBuildPhase section */
		D47FDFDA289E086B00C48F01 /* Resources */ = {
			isa = PBXResourcesBuildPhase;
			buildActionMask = 2147483647;
			files = (
				D47FDFE7289E086E00C48F01 /* Preview Assets.xcassets in Resources */,
				D47FDFE4289E086E00C48F01 /* Assets.xcassets in Resources */,
			);
			runOnlyForDeploymentPostprocessing = 0;
		};
		D47FDFEA289E086E00C48F01 /* Resources */ = {
			isa = PBXResourcesBuildPhase;
			buildActionMask = 2147483647;
			files = (
			);
			runOnlyForDeploymentPostprocessing = 0;
		};
		D47FDFF4289E086E00C48F01 /* Resources */ = {
			isa = PBXResourcesBuildPhase;
			buildActionMask = 2147483647;
			files = (
			);
			runOnlyForDeploymentPostprocessing = 0;
		};
/* End PBXResourcesBuildPhase section */

/* Begin PBXSourcesBuildPhase section */
		D47FDFD8289E086B00C48F01 /* Sources */ = {
			isa = PBXSourcesBuildPhase;
			buildActionMask = 2147483647;
			files = (
				D47FDFE2289E086B00C48F01 /* ContentView.swift in Sources */,
				D47FDFE0289E086B00C48F01 /* BuildBotTestApp.swift in Sources */,
			);
			runOnlyForDeploymentPostprocessing = 0;
		};
		D47FDFE8289E086E00C48F01 /* Sources */ = {
			isa = PBXSourcesBuildPhase;
			buildActionMask = 2147483647;
			files = (
				D47FDFF1289E086E00C48F01 /* BuildBotTestTests.swift in Sources */,
			);
			runOnlyForDeploymentPostprocessing = 0;
		};
		D47FDFF2289E086E00C48F01 /* Sources */ = {
			isa = PBXSourcesBuildPhase;
			buildActionMask = 2147483647;
			files = (
				D47FDFFB289E086E00C48F01 /* BuildBotTestUITests.swift in Sources */,
				D47FDFFD289E086E00C48F01 /* BuildBotTestUITestsLaunchTests.swift in Sources */,
			);
			runOnlyForDeploymentPostprocessing = 0;
		};
/* End PBXSourcesBuildPhase section */

/* Begin PBXTargetDependency section */
		D47FDFEE289E086E00C48F01 /* PBXTargetDependency */ = {
			isa = PBXTargetDependency;
			target = D47FDFDB289E086B00C48F01 /* BuildBotTest */;
			targetProxy = D47FDFED289E086E00C48F01 /* PBXContainerItemProxy */;
		};
		D47FDFF8289E086E00C48F01 /* PBXTargetDependency */ = {
			isa = PBXTargetDependency;
			target = D47FDFDB289E086B00C48F01 /* BuildBotTest */;
			targetProxy = D47FDFF7289E086E00C48F01 /* PBXContainerItemProxy */;
		};
/* End PBXTargetDependency section */

/* Begin XCBuildConfiguration section */
		D47FDFFE289E086E00C48F01 /* Debug */ = {
			isa = XCBuildConfiguration;
			buildSettings = {
				ALWAYS_SEARCH_USER_PATHS = NO;
				CLANG_ANALYZER_NONNULL = YES;
				CLANG_ANALYZER_NUMBER_OBJECT_CONVERSION = YES_AGGRESSIVE;
				CLANG_CXX_LANGUAGE_STANDARD = "gnu++17";
				CLANG_ENABLE_MODULES = YES;
				CLANG_ENABLE_OBJC_ARC = YES;
				CLANG_ENABLE_OBJC_WEAK = YES;
				CLANG_WARN_BLOCK_CAPTURE_AUTORELEASING = YES;
				CLANG_WARN_BOOL_CONVERSION = YES;
				CLANG_WARN_COMMA = YES;
				CLANG_WARN_CONSTANT_CONVERSION = YES;
				CLANG_WARN_DEPRECATED_OBJC_IMPLEMENTATIONS = YES;
				CLANG_WARN_DIRECT_OBJC_ISA_USAGE = YES_ERROR;
				CLANG_WARN_DOCUMENTATION_COMMENTS = YES;
				CLANG_WARN_EMPTY_BODY = YES;
				CLANG_WARN_ENUM_CONVERSION = YES;
				CLANG_WARN_INFINITE_RECURSION = YES;
				CLANG_WARN_INT_CONVERSION = YES;
				CLANG_WARN_NON_LITERAL_NULL_CONVERSION = YES;
				CLANG_WARN_OBJC_IMPLICIT_RETAIN_SELF = YES;
				CLANG_WARN_OBJC_LITERAL_CONVERSION = YES;
				CLANG_WARN_OBJC_ROOT_CLASS = YES_ERROR;
				CLANG_WARN_QUOTED_INCLUDE_IN_FRAMEWORK_HEADER = YES;
				CLANG_WARN_RANGE_LOOP_ANALYSIS = YES;
				CLANG_WARN_STRICT_PROTOTYPES = YES;
				CLANG_WARN_SUSPICIOUS_MOVE = YES;
				CLANG_WARN_UNGUARDED_AVAILABILITY = YES_AGGRESSIVE;
				CLANG_WARN_UNREACHABLE_CODE = YES;
				CLANG_WARN__DUPLICATE_METHOD_MATCH = YES;
				COPY_PHASE_STRIP = NO;
				DEBUG_INFORMATION_FORMAT = dwarf;
				ENABLE_STRICT_OBJC_MSGSEND = YES;
				ENABLE_TESTABILITY = YES;
				GCC_C_LANGUAGE_STANDARD = gnu11;
				GCC_DYNAMIC_NO_PIC = NO;
				GCC_NO_COMMON_BLOCKS = YES;
				GCC_OPTIMIZATION_LEVEL = 0;
				GCC_PREPROCESSOR_DEFINITIONS = (
					"DEBUG=1",
					"$(inherited)",
				);
				GCC_WARN_64_TO_32_BIT_CONVERSION = YES;
				GCC_WARN_ABOUT_RETURN_TYPE = YES_ERROR;
				GCC_WARN_UNDECLARED_SELECTOR = YES;
				GCC_WARN_UNINITIALIZED_AUTOS = YES_AGGRESSIVE;
				GCC_WARN_UNUSED_FUNCTION = YES;
				GCC_WARN_UNUSED_VARIABLE = YES;
				IPHONEOS_DEPLOYMENT_TARGET = 15.5;
				MTL_ENABLE_DEBUG_INFO = INCLUDE_SOURCE;
				MTL_FAST_MATH = YES;
				ONLY_ACTIVE_ARCH = YES;
				SDKROOT = iphoneos;
				SWIFT_ACTIVE_COMPILATION_CONDITIONS = DEBUG;
				SWIFT_OPTIMIZATION_LEVEL = "-Onone";
			};
			name = Debug;
		};
		D47FDFFF289E086E00C48F01 /* Release */ = {
			isa = XCBuildConfiguration;
			buildSettings = {
				ALWAYS_SEARCH_USER_PATHS = NO;
				CLANG_ANALYZER_NONNULL = YES;
				CLANG_ANALYZER_NUMBER_OBJECT_CONVERSION = YES_AGGRESSIVE;
				CLANG_CXX_LANGUAGE_STANDARD = "gnu++17";
				CLANG_ENABLE_MODULES = YES;
				CLANG_ENABLE_OBJC_ARC = YES;
				CLANG_ENABLE_OBJC_WEAK = YES;
				CLANG_WARN_BLOCK_CAPTURE_AUTORELEASING = YES;
				CLANG_WARN_BOOL_CONVERSION = YES;
				CLANG_WARN_COMMA = YES;
				CLANG_WARN_CONSTANT_CONVERSION = YES;
				CLANG_WARN_DEPRECATED_OBJC_IMPLEMENTATIONS = YES;
				CLANG_WARN_DIRECT_OBJC_ISA_USAGE = YES_ERROR;
				CLANG_WARN_DOCUMENTATION_COMMENTS = YES;
				CLANG_WARN_EMPTY_BODY = YES;
				CLANG_WARN_ENUM_CONVERSION = YES;
				CLANG_WARN_INFINITE_RECURSION = YES;
				CLANG_WARN_INT_CONVERSION = YES;
				CLANG_WARN_NON_LITERAL_NULL_CONVERSION = YES;
				CLANG_WARN_OBJC_IMPLICIT_RETAIN_SELF = YES;
				CLANG_WARN_OBJC_LITERAL_CONVERSION = YES;
				CLANG_WARN_OBJC_ROOT_CLASS = YES_ERROR;
				CLANG_WARN_QUOTED_INCLUDE_IN_FRAMEWORK_HEADER = YES;
				CLANG_WARN_RANGE_LOOP_ANALYSIS = YES;
				CLANG_WARN_STRICT_PROTOTYPES = YES;
				CLANG_WARN_SUSPICIOUS_MOVE = YES;
				CLANG_WARN_UNGUARDED_AVAILABILITY = YES_AGGRESSIVE;
				CLANG_WARN_UNREACHABLE_CODE = YES;
				CLANG_WARN__DUPLICATE_METHOD_MATCH = YES;
				COPY_PHASE_STRIP = NO;
				DEBUG_INFORMATION_FORMAT = "dwarf-with-dsym";
				ENABLE_NS_ASSERTIONS = NO;
				ENABLE_STRICT_OBJC_MSGSEND = YES;
				GCC_C_LANGUAGE_STANDARD = gnu11;
				GCC_NO_COMMON_BLOCKS = YES;
				GCC_WARN_64_TO_32_BIT_CONVERSION = YES;
				GCC_WARN_ABOUT_RETURN_TYPE = YES_ERROR;
				GCC_WARN_UNDECLARED_SELECTOR = YES;
				GCC_WARN_UNINITIALIZED_AUTOS = YES_AGGRESSIVE;
				GCC_WARN_UNUSED_FUNCTION = YES;
				GCC_WARN_UNUSED_VARIABLE = YES;
				IPHONEOS_DEPLOYMENT_TARGET = 15.5;
				MTL_ENABLE_DEBUG_INFO = NO;
				MTL_FAST_MATH = YES;
				SDKROOT = iphoneos;
				SWIFT_COMPILATION_MODE = wholemodule;
				SWIFT_OPTIMIZATION_LEVEL = "-O";
				VALIDATE_PRODUCT = YES;
			};
			name = Release;
		};
		D47FE001289E086E00C48F01 /* Debug */ = {
			isa = XCBuildConfiguration;
			buildSettings = {
				ASSETCATALOG_COMPILER_APPICON_NAME = AppIcon;
				ASSETCATALOG_COMPILER_GLOBAL_ACCENT_COLOR_NAME = AccentColor;
				CODE_SIGN_STYLE = Automatic;
				CURRENT_PROJECT_VERSION = 1;
				DEVELOPMENT_ASSET_PATHS = "\"BuildBotTest/Preview Content\"";
				DEVELOPMENT_TEAM = 95L82PNXV3;
				ENABLE_PREVIEWS = YES;
				GENERATE_INFOPLIST_FILE = YES;
				INFOPLIST_KEY_UIApplicationSceneManifest_Generation = YES;
				INFOPLIST_KEY_UIApplicationSupportsIndirectInputEvents = YES;
				INFOPLIST_KEY_UILaunchScreen_Generation = YES;
				INFOPLIST_KEY_UISupportedInterfaceOrientations_iPad = "UIInterfaceOrientationPortrait UIInterfaceOrientationPortraitUpsideDown UIInterfaceOrientationLandscapeLeft UIInterfaceOrientationLandscapeRight";
				INFOPLIST_KEY_UISupportedInterfaceOrientations_iPhone = "UIInterfaceOrientationPortrait UIInterfaceOrientationLandscapeLeft UIInterfaceOrientationLandscapeRight";
				LD_RUNPATH_SEARCH_PATHS = (
					"$(inherited)",
					"@executable_path/Frameworks",
				);
				MARKETING_VERSION = 1.0;
				PRODUCT_BUNDLE_IDENTIFIER = com.kamimi.BuildBotTest;
				PRODUCT_NAME = "$(TARGET_NAME)";
				SWIFT_EMIT_LOC_STRINGS = YES;
				SWIFT_VERSION = 5.0;
				TARGETED_DEVICE_FAMILY = "1,2";
			};
			name = Debug;
		};
		D47FE002289E086E00C48F01 /* Release */ = {
			isa = XCBuildConfiguration;
			buildSettings = {
				ASSETCATALOG_COMPILER_APPICON_NAME = AppIcon;
				ASSETCATALOG_COMPILER_GLOBAL_ACCENT_COLOR_NAME = AccentColor;
				CODE_SIGN_STYLE = Automatic;
				CURRENT_PROJECT_VERSION = 1;
				DEVELOPMENT_ASSET_PATHS = "\"BuildBotTest/Preview Content\"";
				DEVELOPMENT_TEAM = 95L82PNXV3;
				ENABLE_PREVIEWS = YES;
				GENERATE_INFOPLIST_FILE = YES;
				INFOPLIST_KEY_UIApplicationSceneManifest_Generation = YES;
				INFOPLIST_KEY_UIApplicationSupportsIndirectInputEvents = YES;
				INFOPLIST_KEY_UILaunchScreen_Generation = YES;
				INFOPLIST_KEY_UISupportedInterfaceOrientations_iPad = "UIInterfaceOrientationPortrait UIInterfaceOrientationPortraitUpsideDown UIInterfaceOrientationLandscapeLeft UIInterfaceOrientationLandscapeRight";
				INFOPLIST_KEY_UISupportedInterfaceOrientations_iPhone = "UIInterfaceOrientationPortrait UIInterfaceOrientationLandscapeLeft UIInterfaceOrientationLandscapeRight";
				LD_RUNPATH_SEARCH_PATHS = (
					"$(inherited)",
					"@executable_path/Frameworks",
				);
				MARKETING_VERSION = 1.0;
				PRODUCT_BUNDLE_IDENTIFIER = com.kamimi.BuildBotTest;
				PRODUCT_NAME = "$(TARGET_NAME)";
				SWIFT_EMIT_LOC_STRINGS = YES;
				SWIFT_VERSION = 5.0;
				TARGETED_DEVICE_FAMILY = "1,2";
			};
			name = Release;
		};
		D47FE004289E086E00C48F01 /* Debug */ = {
			isa = XCBuildConfiguration;
			buildSettings = {
				ALWAYS_EMBED_SWIFT_STANDARD_LIBRARIES = YES;
				BUNDLE_LOADER = "$(TEST_HOST)";
				CODE_SIGN_STYLE = Automatic;
				CURRENT_PROJECT_VERSION = 1;
				DEVELOPMENT_TEAM = 95L82PNXV3;
				GENERATE_INFOPLIST_FILE = YES;
				IPHONEOS_DEPLOYMENT_TARGET = 15.5;
				MARKETING_VERSION = 1.0;
				PRODUCT_BUNDLE_IDENTIFIER = com.kamimi.BuildBotTestTests;
				PRODUCT_NAME = "$(TARGET_NAME)";
				SWIFT_EMIT_LOC_STRINGS = NO;
				SWIFT_VERSION = 5.0;
				TARGETED_DEVICE_FAMILY = "1,2";
				TEST_HOST = "$(BUILT_PRODUCTS_DIR)/BuildBotTest.app/BuildBotTest";
			};
			name = Debug;
		};
		D47FE005289E086E00C48F01 /* Release */ = {
			isa = XCBuildConfiguration;
			buildSettings = {
				ALWAYS_EMBED_SWIFT_STANDARD_LIBRARIES = YES;
				BUNDLE_LOADER = "$(TEST_HOST)";
				CODE_SIGN_STYLE = Automatic;
				CURRENT_PROJECT_VERSION = 1;
				DEVELOPMENT_TEAM = 95L82PNXV3;
				GENERATE_INFOPLIST_FILE = YES;
				IPHONEOS_DEPLOYMENT_TARGET = 15.5;
				MARKETING_VERSION = 1.0;
				PRODUCT_BUNDLE_IDENTIFIER = com.kamimi.BuildBotTestTests;
				PRODUCT_NAME = "$(TARGET_NAME)";
				SWIFT_EMIT_LOC_STRINGS = NO;
				SWIFT_VERSION = 5.0;
				TARGETED_DEVICE_FAMILY = "1,2";
				TEST_HOST = "$(BUILT_PRODUCTS_DIR)/BuildBotTest.app/BuildBotTest";
			};
			name = Release;
		};
		D47FE007289E086E00C48F01 /* Debug */ = {
			isa = XCBuildConfiguration;
			buildSettings = {
				ALWAYS_EMBED_SWIFT_STANDARD_LIBRARIES = YES;
				CODE_SIGN_STYLE = Automatic;
				CURRENT_PROJECT_VERSION = 1;
				DEVELOPMENT_TEAM = 95L82PNXV3;
				GENERATE_INFOPLIST_FILE = YES;
				MARKETING_VERSION = 1.0;
				PRODUCT_BUNDLE_IDENTIFIER = com.kamimi.BuildBotTestUITests;
				PRODUCT_NAME = "$(TARGET_NAME)";
				SWIFT_EMIT_LOC_STRINGS = NO;
				SWIFT_VERSION = 5.0;
				TARGETED_DEVICE_FAMILY = "1,2";
				TEST_TARGET_NAME = BuildBotTest;
			};
			name = Debug;
		};
		D47FE008289E086E00C48F01 /* Release */ = {
			isa = XCBuildConfiguration;
			buildSettings = {
				ALWAYS_EMBED_SWIFT_STANDARD_LIBRARIES = YES;
				CODE_SIGN_STYLE = Automatic;
				CURRENT_PROJECT_VERSION = 1;
				DEVELOPMENT_TEAM = 95L82PNXV3;
				GENERATE_INFOPLIST_FILE = YES;
				MARKETING_VERSION = 1.0;
				PRODUCT_BUNDLE_IDENTIFIER = com.kamimi.BuildBotTestUITests;
				PRODUCT_NAME = "$(TARGET_NAME)";
				SWIFT_EMIT_LOC_STRINGS = NO;
				SWIFT_VERSION = 5.0;
				TARGETED_DEVICE_FAMILY = "1,2";
				TEST_TARGET_NAME = BuildBotTest;
			};
			name = Release;
		};
/* End XCBuildConfiguration section */

/* Begin XCConfigurationList section */
		D47FDFD7289E086B00C48F01 /* Build configuration list for PBXProject "BuildBotTest" */ = {
			isa = XCConfigurationList;
			buildConfigurations = (
				D47FDFFE289E086E00C48F01 /* Debug */,
				D47FDFFF289E086E00C48F01 /* Release */,
			);
			defaultConfigurationIsVisible = 0;
			defaultConfigurationName = Release;
		};
		D47FE000289E086E00C48F01 /* Build configuration list for PBXNativeTarget "BuildBotTest" */ = {
			isa = XCConfigurationList;
			buildConfigurations = (
				D47FE001289E086E00C48F01 /* Debug */,
				D47FE002289E086E00C48F01 /* Release */,
			);
			defaultConfigurationIsVisible = 0;
			defaultConfigurationName = Release;
		};
		D47FE003289E086E00C48F01 /* Build configuration list for PBXNativeTarget "BuildBotTestTests" */ = {
			isa = XCConfigurationList;
			buildConfigurations = (
				D47FE004289E086E00C48F01 /* Debug */,
				D47FE005289E086E00C48F01 /* Release */,
			);
			defaultConfigurationIsVisible = 0;
			defaultConfigurationName = Release;
		};
		D47FE006289E086E00C48F01 /* Build configuration list for PBXNativeTarget "BuildBotTestUITests" */ = {
			isa = XCConfigurationList;
			buildConfigurations = (
				D47FE007289E086E00C48F01 /* Debug */,
				D47FE008289E086E00C48F01 /* Release */,
			);
			defaultConfigurationIsVisible = 0;
			defaultConfigurationName = Release;
		};
/* End XCConfigurationList section */
	};
	rootObject = D47FDFD4289E086B00C48F01 /* Project object */;
}
